// !$*UTF8*$!
{
	archiveVersion = 1;
	classes = {
	};
	objectVersion = 55;
	objects = {

/* Begin PBXBuildFile section */
		F439D28E2ABA7DCC00B92CAE /* unistd.hpp in Headers */ = {isa = PBXBuildFile; fileRef = F439D28D2ABA7DCC00B92CAE /* unistd.hpp */; };
		F4AE3B802AB440A000464926 /* dyld.hpp in Headers */ = {isa = PBXBuildFile; fileRef = F4AE3B7E2AB440A000464926 /* dyld.hpp */; };
		F4AE3B812AB440A000464926 /* common.hpp in Headers */ = {isa = PBXBuildFile; fileRef = F4AE3B7F2AB440A000464926 /* common.hpp */; };
		F4AE3BA22AB44AC500464926 /* Tests.mm in Sources */ = {isa = PBXBuildFile; fileRef = F4AE3BA12AB44AC400464926 /* Tests.mm */; };
		F4AE3BA32AB44AC500464926 /* libMacStd.a in Frameworks */ = {isa = PBXBuildFile; fileRef = F4AE3B732AB43EB600464926 /* libMacStd.a */; platformFilters = (macos, ); };
		F4AE3BD02AB4561A00464926 /* pch.cpp in Sources */ = {isa = PBXBuildFile; fileRef = F4AE3BCE2AB4561A00464926 /* pch.cpp */; };
		F4AE3BD12AB4561A00464926 /* pch.hpp in Headers */ = {isa = PBXBuildFile; fileRef = F4AE3BCF2AB4561A00464926 /* pch.hpp */; };
/* End PBXBuildFile section */

/* Begin PBXContainerItemProxy section */
		F4AE3BA42AB44AC500464926 /* PBXContainerItemProxy */ = {
			isa = PBXContainerItemProxy;
			containerPortal = F4AE3B6B2AB43EB600464926 /* Project object */;
			proxyType = 1;
			remoteGlobalIDString = F4AE3B722AB43EB600464926;
			remoteInfo = MacStd;
		};
/* End PBXContainerItemProxy section */

/* Begin PBXFileReference section */
		F439D28D2ABA7DCC00B92CAE /* unistd.hpp */ = {isa = PBXFileReference; fileEncoding = 4; lastKnownFileType = sourcecode.cpp.h; name = unistd.hpp; path = include/MacStd/unistd.hpp; sourceTree = "<group>"; };
		F4AE3B732AB43EB600464926 /* libMacStd.a */ = {isa = PBXFileReference; explicitFileType = archive.ar; includeInIndex = 0; path = libMacStd.a; sourceTree = BUILT_PRODUCTS_DIR; };
		F4AE3B7E2AB440A000464926 /* dyld.hpp */ = {isa = PBXFileReference; fileEncoding = 4; lastKnownFileType = sourcecode.cpp.h; name = dyld.hpp; path = include/MacStd/dyld.hpp; sourceTree = "<group>"; };
		F4AE3B7F2AB440A000464926 /* common.hpp */ = {isa = PBXFileReference; fileEncoding = 4; lastKnownFileType = sourcecode.cpp.h; name = common.hpp; path = include/MacStd/common.hpp; sourceTree = "<group>"; };
		F4AE3B9F2AB44AC400464926 /* Tests.xctest */ = {isa = PBXFileReference; explicitFileType = wrapper.cfbundle; includeInIndex = 0; path = Tests.xctest; sourceTree = BUILT_PRODUCTS_DIR; };
		F4AE3BA12AB44AC400464926 /* Tests.mm */ = {isa = PBXFileReference; lastKnownFileType = sourcecode.cpp.objcpp; path = Tests.mm; sourceTree = "<group>"; };
		F4AE3BCE2AB4561A00464926 /* pch.cpp */ = {isa = PBXFileReference; fileEncoding = 4; lastKnownFileType = sourcecode.cpp.cpp; name = pch.cpp; path = src/pch.cpp; sourceTree = "<group>"; };
		F4AE3BCF2AB4561A00464926 /* pch.hpp */ = {isa = PBXFileReference; fileEncoding = 4; lastKnownFileType = sourcecode.cpp.h; name = pch.hpp; path = src/pch.hpp; sourceTree = "<group>"; };
/* End PBXFileReference section */

/* Begin PBXFrameworksBuildPhase section */
		F4AE3B712AB43EB600464926 /* Frameworks */ = {
			isa = PBXFrameworksBuildPhase;
			buildActionMask = 2147483647;
			files = (
			);
			runOnlyForDeploymentPostprocessing = 0;
		};
		F4AE3B9C2AB44AC400464926 /* Frameworks */ = {
			isa = PBXFrameworksBuildPhase;
			buildActionMask = 2147483647;
			files = (
				F4AE3BA32AB44AC500464926 /* libMacStd.a in Frameworks */,
			);
			runOnlyForDeploymentPostprocessing = 0;
		};
/* End PBXFrameworksBuildPhase section */

/* Begin PBXGroup section */
		F4213D2D2ABB14F200F72674 /* MacStd */ = {
			isa = PBXGroup;
			children = (
				F4AE3B7F2AB440A000464926 /* common.hpp */,
				F4AE3B7E2AB440A000464926 /* dyld.hpp */,
				F439D28D2ABA7DCC00B92CAE /* unistd.hpp */,
			);
			name = MacStd;
			sourceTree = "<group>";
		};
		F4AE3B6A2AB43EB600464926 = {
			isa = PBXGroup;
			children = (
				F4213D2D2ABB14F200F72674 /* MacStd */,
				F4AE3BCE2AB4561A00464926 /* pch.cpp */,
				F4AE3BCF2AB4561A00464926 /* pch.hpp */,
				F4AE3B742AB43EB600464926 /* Products */,
				F4AE3BA02AB44AC400464926 /* Tests */,
			);
			sourceTree = "<group>";
		};
		F4AE3B742AB43EB600464926 /* Products */ = {
			isa = PBXGroup;
			children = (
				F4AE3B732AB43EB600464926 /* libMacStd.a */,
				F4AE3B9F2AB44AC400464926 /* Tests.xctest */,
			);
			name = Products;
			sourceTree = "<group>";
		};
		F4AE3BA02AB44AC400464926 /* Tests */ = {
			isa = PBXGroup;
			children = (
				F4AE3BA12AB44AC400464926 /* Tests.mm */,
			);
			path = Tests;
			sourceTree = "<group>";
		};
/* End PBXGroup section */

/* Begin PBXHeadersBuildPhase section */
		F4AE3B6F2AB43EB600464926 /* Headers */ = {
			isa = PBXHeadersBuildPhase;
			buildActionMask = 2147483647;
			files = (
				F4AE3BD12AB4561A00464926 /* pch.hpp in Headers */,
				F4AE3B802AB440A000464926 /* dyld.hpp in Headers */,
				F4AE3B812AB440A000464926 /* common.hpp in Headers */,
				F439D28E2ABA7DCC00B92CAE /* unistd.hpp in Headers */,
			);
			runOnlyForDeploymentPostprocessing = 0;
		};
/* End PBXHeadersBuildPhase section */

/* Begin PBXNativeTarget section */
		F4AE3B722AB43EB600464926 /* MacStd */ = {
			isa = PBXNativeTarget;
			buildConfigurationList = F4AE3B772AB43EB600464926 /* Build configuration list for PBXNativeTarget "MacStd" */;
			buildPhases = (
				F4AE3B6F2AB43EB600464926 /* Headers */,
				F4AE3B702AB43EB600464926 /* Sources */,
				F4AE3B712AB43EB600464926 /* Frameworks */,
			);
			buildRules = (
			);
			dependencies = (
			);
			name = MacStd;
			productName = MacStd;
			productReference = F4AE3B732AB43EB600464926 /* libMacStd.a */;
			productType = "com.apple.product-type.library.static";
		};
		F4AE3B9E2AB44AC400464926 /* Tests */ = {
			isa = PBXNativeTarget;
			buildConfigurationList = F4AE3BA62AB44AC500464926 /* Build configuration list for PBXNativeTarget "Tests" */;
			buildPhases = (
				F4AE3B9B2AB44AC400464926 /* Sources */,
				F4AE3B9C2AB44AC400464926 /* Frameworks */,
				F4AE3B9D2AB44AC400464926 /* Resources */,
			);
			buildRules = (
			);
			dependencies = (
				F4AE3BA52AB44AC500464926 /* PBXTargetDependency */,
			);
			name = Tests;
			productName = Tests;
			productReference = F4AE3B9F2AB44AC400464926 /* Tests.xctest */;
			productType = "com.apple.product-type.bundle.unit-test";
		};
/* End PBXNativeTarget section */

/* Begin PBXProject section */
		F4AE3B6B2AB43EB600464926 /* Project object */ = {
			isa = PBXProject;
			attributes = {
				BuildIndependentTargetsInParallel = 1;
				LastUpgradeCheck = 1430;
				TargetAttributes = {
					F4AE3B722AB43EB600464926 = {
						CreatedOnToolsVersion = 14.3.1;
					};
					F4AE3B9E2AB44AC400464926 = {
						CreatedOnToolsVersion = 14.3.1;
					};
				};
			};
			buildConfigurationList = F4AE3B6E2AB43EB600464926 /* Build configuration list for PBXProject "MacStd" */;
			compatibilityVersion = "Xcode 13.0";
			developmentRegion = en;
			hasScannedForEncodings = 0;
			knownRegions = (
				en,
				Base,
			);
			mainGroup = F4AE3B6A2AB43EB600464926;
			productRefGroup = F4AE3B742AB43EB600464926 /* Products */;
			projectDirPath = "";
			projectRoot = "";
			targets = (
				F4AE3B722AB43EB600464926 /* MacStd */,
				F4AE3B9E2AB44AC400464926 /* Tests */,
			);
		};
/* End PBXProject section */

/* Begin PBXResourcesBuildPhase section */
		F4AE3B9D2AB44AC400464926 /* Resources */ = {
			isa = PBXResourcesBuildPhase;
			buildActionMask = 2147483647;
			files = (
			);
			runOnlyForDeploymentPostprocessing = 0;
		};
/* End PBXResourcesBuildPhase section */

/* Begin PBXSourcesBuildPhase section */
		F4AE3B702AB43EB600464926 /* Sources */ = {
			isa = PBXSourcesBuildPhase;
			buildActionMask = 2147483647;
			files = (
				F4AE3BD02AB4561A00464926 /* pch.cpp in Sources */,
			);
			runOnlyForDeploymentPostprocessing = 0;
		};
		F4AE3B9B2AB44AC400464926 /* Sources */ = {
			isa = PBXSourcesBuildPhase;
			buildActionMask = 2147483647;
			files = (
				F4AE3BA22AB44AC500464926 /* Tests.mm in Sources */,
			);
			runOnlyForDeploymentPostprocessing = 0;
		};
/* End PBXSourcesBuildPhase section */

/* Begin PBXTargetDependency section */
		F4AE3BA52AB44AC500464926 /* PBXTargetDependency */ = {
			isa = PBXTargetDependency;
			platformFilters = (
				macos,
			);
			target = F4AE3B722AB43EB600464926 /* MacStd */;
			targetProxy = F4AE3BA42AB44AC500464926 /* PBXContainerItemProxy */;
		};
/* End PBXTargetDependency section */

/* Begin XCBuildConfiguration section */
		F4AE3B752AB43EB600464926 /* Debug */ = {
			isa = XCBuildConfiguration;
			buildSettings = {
				ALWAYS_SEARCH_USER_PATHS = NO;
				CLANG_ANALYZER_NONNULL = YES;
				CLANG_ANALYZER_NUMBER_OBJECT_CONVERSION = YES_AGGRESSIVE;
				CLANG_CXX_LANGUAGE_STANDARD = "gnu++20";
				CLANG_ENABLE_MODULES = YES;
				CLANG_ENABLE_OBJC_ARC = YES;
				CLANG_ENABLE_OBJC_WEAK = YES;
				CLANG_WARN_BLOCK_CAPTURE_AUTORELEASING = YES;
				CLANG_WARN_BOOL_CONVERSION = YES;
				CLANG_WARN_COMMA = YES;
				CLANG_WARN_CONSTANT_CONVERSION = YES;
				CLANG_WARN_DEPRECATED_OBJC_IMPLEMENTATIONS = YES;
				CLANG_WARN_DIRECT_OBJC_ISA_USAGE = YES_ERROR;
				CLANG_WARN_DOCUMENTATION_COMMENTS = YES;
				CLANG_WARN_EMPTY_BODY = YES;
				CLANG_WARN_ENUM_CONVERSION = YES;
				CLANG_WARN_INFINITE_RECURSION = YES;
				CLANG_WARN_INT_CONVERSION = YES;
				CLANG_WARN_NON_LITERAL_NULL_CONVERSION = YES;
				CLANG_WARN_OBJC_IMPLICIT_RETAIN_SELF = YES;
				CLANG_WARN_OBJC_LITERAL_CONVERSION = YES;
				CLANG_WARN_OBJC_ROOT_CLASS = YES_ERROR;
				CLANG_WARN_QUOTED_INCLUDE_IN_FRAMEWORK_HEADER = YES;
				CLANG_WARN_RANGE_LOOP_ANALYSIS = YES;
				CLANG_WARN_STRICT_PROTOTYPES = YES;
				CLANG_WARN_SUSPICIOUS_MOVE = YES;
				CLANG_WARN_UNGUARDED_AVAILABILITY = YES_AGGRESSIVE;
				CLANG_WARN_UNREACHABLE_CODE = YES;
				CLANG_WARN__DUPLICATE_METHOD_MATCH = YES;
				COPY_PHASE_STRIP = NO;
				DEBUG_INFORMATION_FORMAT = dwarf;
				ENABLE_STRICT_OBJC_MSGSEND = YES;
				ENABLE_TESTABILITY = YES;
				GCC_C_LANGUAGE_STANDARD = gnu11;
				GCC_DYNAMIC_NO_PIC = NO;
				GCC_NO_COMMON_BLOCKS = YES;
				GCC_OPTIMIZATION_LEVEL = 0;
				GCC_PREPROCESSOR_DEFINITIONS = (
					"DEBUG=1",
					"$(inherited)",
				);
				GCC_WARN_64_TO_32_BIT_CONVERSION = YES;
				GCC_WARN_ABOUT_RETURN_TYPE = YES_ERROR;
				GCC_WARN_UNDECLARED_SELECTOR = YES;
				GCC_WARN_UNINITIALIZED_AUTOS = YES_AGGRESSIVE;
				GCC_WARN_UNUSED_FUNCTION = YES;
				GCC_WARN_UNUSED_VARIABLE = YES;
				MACOSX_DEPLOYMENT_TARGET = 10.15;
				MTL_ENABLE_DEBUG_INFO = INCLUDE_SOURCE;
				MTL_FAST_MATH = YES;
				ONLY_ACTIVE_ARCH = YES;
				SDKROOT = macosx;
			};
			name = Debug;
		};
		F4AE3B762AB43EB600464926 /* Release */ = {
			isa = XCBuildConfiguration;
			buildSettings = {
				ALWAYS_SEARCH_USER_PATHS = NO;
				CLANG_ANALYZER_NONNULL = YES;
				CLANG_ANALYZER_NUMBER_OBJECT_CONVERSION = YES_AGGRESSIVE;
				CLANG_CXX_LANGUAGE_STANDARD = "gnu++20";
				CLANG_ENABLE_MODULES = YES;
				CLANG_ENABLE_OBJC_ARC = YES;
				CLANG_ENABLE_OBJC_WEAK = YES;
				CLANG_WARN_BLOCK_CAPTURE_AUTORELEASING = YES;
				CLANG_WARN_BOOL_CONVERSION = YES;
				CLANG_WARN_COMMA = YES;
				CLANG_WARN_CONSTANT_CONVERSION = YES;
				CLANG_WARN_DEPRECATED_OBJC_IMPLEMENTATIONS = YES;
				CLANG_WARN_DIRECT_OBJC_ISA_USAGE = YES_ERROR;
				CLANG_WARN_DOCUMENTATION_COMMENTS = YES;
				CLANG_WARN_EMPTY_BODY = YES;
				CLANG_WARN_ENUM_CONVERSION = YES;
				CLANG_WARN_INFINITE_RECURSION = YES;
				CLANG_WARN_INT_CONVERSION = YES;
				CLANG_WARN_NON_LITERAL_NULL_CONVERSION = YES;
				CLANG_WARN_OBJC_IMPLICIT_RETAIN_SELF = YES;
				CLANG_WARN_OBJC_LITERAL_CONVERSION = YES;
				CLANG_WARN_OBJC_ROOT_CLASS = YES_ERROR;
				CLANG_WARN_QUOTED_INCLUDE_IN_FRAMEWORK_HEADER = YES;
				CLANG_WARN_RANGE_LOOP_ANALYSIS = YES;
				CLANG_WARN_STRICT_PROTOTYPES = YES;
				CLANG_WARN_SUSPICIOUS_MOVE = YES;
				CLANG_WARN_UNGUARDED_AVAILABILITY = YES_AGGRESSIVE;
				CLANG_WARN_UNREACHABLE_CODE = YES;
				CLANG_WARN__DUPLICATE_METHOD_MATCH = YES;
				COPY_PHASE_STRIP = NO;
				DEBUG_INFORMATION_FORMAT = "dwarf-with-dsym";
				ENABLE_NS_ASSERTIONS = NO;
				ENABLE_STRICT_OBJC_MSGSEND = YES;
				GCC_C_LANGUAGE_STANDARD = gnu11;
				GCC_NO_COMMON_BLOCKS = YES;
				GCC_WARN_64_TO_32_BIT_CONVERSION = YES;
				GCC_WARN_ABOUT_RETURN_TYPE = YES_ERROR;
				GCC_WARN_UNDECLARED_SELECTOR = YES;
				GCC_WARN_UNINITIALIZED_AUTOS = YES_AGGRESSIVE;
				GCC_WARN_UNUSED_FUNCTION = YES;
				GCC_WARN_UNUSED_VARIABLE = YES;
				MACOSX_DEPLOYMENT_TARGET = 10.15;
				MTL_ENABLE_DEBUG_INFO = NO;
				MTL_FAST_MATH = YES;
				SDKROOT = macosx;
			};
			name = Release;
		};
		F4AE3B782AB43EB600464926 /* Debug */ = {
			isa = XCBuildConfiguration;
			buildSettings = {
				CODE_SIGN_STYLE = Automatic;
				EXECUTABLE_PREFIX = lib;
				PRODUCT_NAME = "$(TARGET_NAME)";
				SKIP_INSTALL = YES;
			};
			name = Debug;
		};
		F4AE3B792AB43EB600464926 /* Release */ = {
			isa = XCBuildConfiguration;
			buildSettings = {
				CODE_SIGN_STYLE = Automatic;
				EXECUTABLE_PREFIX = lib;
				PRODUCT_NAME = "$(TARGET_NAME)";
				SKIP_INSTALL = YES;
			};
			name = Release;
		};
		F4AE3BA72AB44AC500464926 /* Debug */ = {
			isa = XCBuildConfiguration;
			buildSettings = {
				CODE_SIGN_STYLE = Automatic;
				CURRENT_PROJECT_VERSION = 1;
				GENERATE_INFOPLIST_FILE = YES;
				HEADER_SEARCH_PATHS = include;
				MARKETING_VERSION = 1.0;
				PRODUCT_BUNDLE_IDENTIFIER = si.amebis.MacStd.Tests;
				PRODUCT_NAME = "$(TARGET_NAME)";
				SWIFT_EMIT_LOC_STRINGS = NO;
			};
			name = Debug;
		};
		F4AE3BA82AB44AC500464926 /* Release */ = {
			isa = XCBuildConfiguration;
			buildSettings = {
				CODE_SIGN_STYLE = Automatic;
				CURRENT_PROJECT_VERSION = 1;
				GENERATE_INFOPLIST_FILE = YES;
				HEADER_SEARCH_PATHS = include;
				MARKETING_VERSION = 1.0;
				PRODUCT_BUNDLE_IDENTIFIER = si.amebis.MacStd.Tests;
				PRODUCT_NAME = "$(TARGET_NAME)";
				SWIFT_EMIT_LOC_STRINGS = NO;
			};
			name = Release;
		};
/* End XCBuildConfiguration section */

/* Begin XCConfigurationList section */
		F4AE3B6E2AB43EB600464926 /* Build configuration list for PBXProject "MacStd" */ = {
			isa = XCConfigurationList;
			buildConfigurations = (
				F4AE3B752AB43EB600464926 /* Debug */,
				F4AE3B762AB43EB600464926 /* Release */,
			);
			defaultConfigurationIsVisible = 0;
			defaultConfigurationName = Release;
		};
		F4AE3B772AB43EB600464926 /* Build configuration list for PBXNativeTarget "MacStd" */ = {
			isa = XCConfigurationList;
			buildConfigurations = (
				F4AE3B782AB43EB600464926 /* Debug */,
				F4AE3B792AB43EB600464926 /* Release */,
			);
			defaultConfigurationIsVisible = 0;
			defaultConfigurationName = Release;
		};
		F4AE3BA62AB44AC500464926 /* Build configuration list for PBXNativeTarget "Tests" */ = {
			isa = XCConfigurationList;
			buildConfigurations = (
				F4AE3BA72AB44AC500464926 /* Debug */,
				F4AE3BA82AB44AC500464926 /* Release */,
			);
			defaultConfigurationIsVisible = 0;
			defaultConfigurationName = Release;
		};
/* End XCConfigurationList section */
	};
	rootObject = F4AE3B6B2AB43EB600464926 /* Project object */;
}
